
Microsoft Visual Studio Solution File, Format Version 12.00
# Visual Studio 2013
VisualStudioVersion = 12.0.30501.0
MinimumVisualStudioVersion = 10.0.40219.1
Project("{FAE04EC0-301F-11D3-BF4B-00C04F79EFBC}") = "WPF Implicit Client", "WpfClient\WPF Implicit Client.csproj", "{BDE643AE-47D7-4FC7-8F48-6FC898D3A333}"
EndProject
Project("{FAE04EC0-301F-11D3-BF4B-00C04F79EFBC}") = "Constants", "Constants\Constants.csproj", "{D4B8ACDF-5CC3-4A7B-AE30-5055522E025A}"
EndProject
Project("{FAE04EC0-301F-11D3-BF4B-00C04F79EFBC}") = "Console Resource Owner Flow", "ConsoleResourceOwnerClient\Console Resource Owner Flow.csproj", "{01A10274-C117-41CC-95DB-FA8E9492E0D2}"
EndProject
Project("{FAE04EC0-301F-11D3-BF4B-00C04F79EFBC}") = "Console Client Credentials Flow", "ConsoleClientCredentialsClient\Console Client Credentials Flow.csproj", "{418097CE-3B23-4937-A73E-5EFD4C5E83CA}"
EndProject
Project("{FAE04EC0-301F-11D3-BF4B-00C04F79EFBC}") = "MVC FormPost Client", "MvcFormPostClient\MVC FormPost Client.csproj", "{E3C5E9C3-2977-4AD5-87EC-00FC4D2F7FF4}"
EndProject
Project("{FAE04EC0-301F-11D3-BF4B-00C04F79EFBC}") = "MVC CodeFlow Client with Module", "MvcCodeFlowClient\MVC CodeFlow Client with Module.csproj", "{2B7A3A83-D22E-48D2-9345-E48018314F10}"
EndProject
Project("{FAE04EC0-301F-11D3-BF4B-00C04F79EFBC}") = "Thinktecture.IdentityModel.Oidc", "Thinktecture.IdentityModel.Oidc\Thinktecture.IdentityModel.Oidc.csproj", "{9669AED6-CC75-4DA4-A639-13E084905CA7}"
EndProject
Project("{2150E333-8FDC-42A3-9474-1A3956D46DE8}") = "Misc", "Misc", "{C80B5683-6239-42D6-8A8B-36702504C593}"
EndProject
Project("{FAE04EC0-301F-11D3-BF4B-00C04F79EFBC}") = "MVC CodeFlowClient Manual", "MvcCodeFlowClientManual\MVC CodeFlowClient Manual.csproj", "{C67DB8BB-6083-436D-9748-4BDD9EC8C0EB}"
EndProject
Project("{FAE04EC0-301F-11D3-BF4B-00C04F79EFBC}") = "JavaScript Implicit Client", "JavaScriptImplicitClient\JavaScript Implicit Client.csproj", "{76BE0CCA-2F1E-4071-BEF0-C8A2673E7B04}"
EndProject
Project("{FAE04EC0-301F-11D3-BF4B-00C04F79EFBC}") = "MVC OWIN Client", "MVC OWIN Client\MVC OWIN Client.csproj", "{A0D39237-D450-4F23-A3CC-79EBCA1D720D}"
EndProject
Project("{2150E333-8FDC-42A3-9474-1A3956D46DE8}") = "APIs", "APIs", "{22C083F3-1F8A-4E90-B79C-13A6012492BC}"
EndProject
Project("{FAE04EC0-301F-11D3-BF4B-00C04F79EFBC}") = "SampleAspNetWebApi", "SampleAspNetWebApi\SampleAspNetWebApi.csproj", "{C8CD1733-783A-4655-814B-9CF7FD7FDFE8}"
EndProject
Project("{FAE04EC0-301F-11D3-BF4B-00C04F79EFBC}") = "IdSrvAccessTokenTokenValidation", "IdSrvReferenceTokenValidation\IdSrvAccessTokenTokenValidation.csproj", "{D8783FA3-4371-4848-BC87-B11DD8E02287}"
EndProject
Project("{FAE04EC0-301F-11D3-BF4B-00C04F79EFBC}") = "MVC OWIN WS-Federation", "MvcOwinWsFederation\MVC OWIN WS-Federation.csproj", "{A40486A5-0BEB-4CB0-9390-4A0D998CE3E1}"
EndProject
Project("{FAE04EC0-301F-11D3-BF4B-00C04F79EFBC}") = "Console Resource Owner Flow with Refresh Token", "ConsoleResourceOwnerRefreshTokenClient\Console Resource Owner Flow with Refresh Token.csproj", "{9BF9BAF9-75F3-47BA-9B47-A95023764D82}"
EndProject
Global
	GlobalSection(SolutionConfigurationPlatforms) = preSolution
		Debug|Any CPU = Debug|Any CPU
		Release|Any CPU = Release|Any CPU
	EndGlobalSection
	GlobalSection(ProjectConfigurationPlatforms) = postSolution
		{BDE643AE-47D7-4FC7-8F48-6FC898D3A333}.Debug|Any CPU.ActiveCfg = Debug|Any CPU
		{BDE643AE-47D7-4FC7-8F48-6FC898D3A333}.Debug|Any CPU.Build.0 = Debug|Any CPU
		{BDE643AE-47D7-4FC7-8F48-6FC898D3A333}.Release|Any CPU.ActiveCfg = Release|Any CPU
		{BDE643AE-47D7-4FC7-8F48-6FC898D3A333}.Release|Any CPU.Build.0 = Release|Any CPU
		{D4B8ACDF-5CC3-4A7B-AE30-5055522E025A}.Debug|Any CPU.ActiveCfg = Debug|Any CPU
		{D4B8ACDF-5CC3-4A7B-AE30-5055522E025A}.Debug|Any CPU.Build.0 = Debug|Any CPU
		{D4B8ACDF-5CC3-4A7B-AE30-5055522E025A}.Release|Any CPU.ActiveCfg = Release|Any CPU
		{D4B8ACDF-5CC3-4A7B-AE30-5055522E025A}.Release|Any CPU.Build.0 = Release|Any CPU
		{01A10274-C117-41CC-95DB-FA8E9492E0D2}.Debug|Any CPU.ActiveCfg = Debug|Any CPU
		{01A10274-C117-41CC-95DB-FA8E9492E0D2}.Debug|Any CPU.Build.0 = Debug|Any CPU
		{01A10274-C117-41CC-95DB-FA8E9492E0D2}.Release|Any CPU.ActiveCfg = Release|Any CPU
		{01A10274-C117-41CC-95DB-FA8E9492E0D2}.Release|Any CPU.Build.0 = Release|Any CPU
		{418097CE-3B23-4937-A73E-5EFD4C5E83CA}.Debug|Any CPU.ActiveCfg = Debug|Any CPU
		{418097CE-3B23-4937-A73E-5EFD4C5E83CA}.Debug|Any CPU.Build.0 = Debug|Any CPU
		{418097CE-3B23-4937-A73E-5EFD4C5E83CA}.Release|Any CPU.ActiveCfg = Release|Any CPU
		{418097CE-3B23-4937-A73E-5EFD4C5E83CA}.Release|Any CPU.Build.0 = Release|Any CPU
		{E3C5E9C3-2977-4AD5-87EC-00FC4D2F7FF4}.Debug|Any CPU.ActiveCfg = Debug|Any CPU
		{E3C5E9C3-2977-4AD5-87EC-00FC4D2F7FF4}.Debug|Any CPU.Build.0 = Debug|Any CPU
		{E3C5E9C3-2977-4AD5-87EC-00FC4D2F7FF4}.Release|Any CPU.ActiveCfg = Release|Any CPU
		{E3C5E9C3-2977-4AD5-87EC-00FC4D2F7FF4}.Release|Any CPU.Build.0 = Release|Any CPU
		{2B7A3A83-D22E-48D2-9345-E48018314F10}.Debug|Any CPU.ActiveCfg = Debug|Any CPU
		{2B7A3A83-D22E-48D2-9345-E48018314F10}.Debug|Any CPU.Build.0 = Debug|Any CPU
		{2B7A3A83-D22E-48D2-9345-E48018314F10}.Release|Any CPU.ActiveCfg = Release|Any CPU
		{2B7A3A83-D22E-48D2-9345-E48018314F10}.Release|Any CPU.Build.0 = Release|Any CPU
		{9669AED6-CC75-4DA4-A639-13E084905CA7}.Debug|Any CPU.ActiveCfg = Debug|Any CPU
		{9669AED6-CC75-4DA4-A639-13E084905CA7}.Debug|Any CPU.Build.0 = Debug|Any CPU
		{9669AED6-CC75-4DA4-A639-13E084905CA7}.Release|Any CPU.ActiveCfg = Release|Any CPU
		{9669AED6-CC75-4DA4-A639-13E084905CA7}.Release|Any CPU.Build.0 = Release|Any CPU
		{C67DB8BB-6083-436D-9748-4BDD9EC8C0EB}.Debug|Any CPU.ActiveCfg = Debug|Any CPU
		{C67DB8BB-6083-436D-9748-4BDD9EC8C0EB}.Debug|Any CPU.Build.0 = Debug|Any CPU
		{C67DB8BB-6083-436D-9748-4BDD9EC8C0EB}.Release|Any CPU.ActiveCfg = Release|Any CPU
		{C67DB8BB-6083-436D-9748-4BDD9EC8C0EB}.Release|Any CPU.Build.0 = Release|Any CPU
		{76BE0CCA-2F1E-4071-BEF0-C8A2673E7B04}.Debug|Any CPU.ActiveCfg = Debug|Any CPU
		{76BE0CCA-2F1E-4071-BEF0-C8A2673E7B04}.Debug|Any CPU.Build.0 = Debug|Any CPU
		{76BE0CCA-2F1E-4071-BEF0-C8A2673E7B04}.Release|Any CPU.ActiveCfg = Release|Any CPU
		{76BE0CCA-2F1E-4071-BEF0-C8A2673E7B04}.Release|Any CPU.Build.0 = Release|Any CPU
		{A0D39237-D450-4F23-A3CC-79EBCA1D720D}.Debug|Any CPU.ActiveCfg = Debug|Any CPU
		{A0D39237-D450-4F23-A3CC-79EBCA1D720D}.Debug|Any CPU.Build.0 = Debug|Any CPU
		{A0D39237-D450-4F23-A3CC-79EBCA1D720D}.Release|Any CPU.ActiveCfg = Release|Any CPU
		{A0D39237-D450-4F23-A3CC-79EBCA1D720D}.Release|Any CPU.Build.0 = Release|Any CPU
		{C8CD1733-783A-4655-814B-9CF7FD7FDFE8}.Debug|Any CPU.ActiveCfg = Debug|Any CPU
		{C8CD1733-783A-4655-814B-9CF7FD7FDFE8}.Debug|Any CPU.Build.0 = Debug|Any CPU
		{C8CD1733-783A-4655-814B-9CF7FD7FDFE8}.Release|Any CPU.ActiveCfg = Release|Any CPU
		{C8CD1733-783A-4655-814B-9CF7FD7FDFE8}.Release|Any CPU.Build.0 = Release|Any CPU
		{D8783FA3-4371-4848-BC87-B11DD8E02287}.Debug|Any CPU.ActiveCfg = Debug|Any CPU
		{D8783FA3-4371-4848-BC87-B11DD8E02287}.Debug|Any CPU.Build.0 = Debug|Any CPU
		{D8783FA3-4371-4848-BC87-B11DD8E02287}.Release|Any CPU.ActiveCfg = Release|Any CPU
		{D8783FA3-4371-4848-BC87-B11DD8E02287}.Release|Any CPU.Build.0 = Release|Any CPU
		{A40486A5-0BEB-4CB0-9390-4A0D998CE3E1}.Debug|Any CPU.ActiveCfg = Debug|Any CPU
		{A40486A5-0BEB-4CB0-9390-4A0D998CE3E1}.Debug|Any CPU.Build.0 = Debug|Any CPU
		{A40486A5-0BEB-4CB0-9390-4A0D998CE3E1}.Release|Any CPU.ActiveCfg = Release|Any CPU
		{A40486A5-0BEB-4CB0-9390-4A0D998CE3E1}.Release|Any CPU.Build.0 = Release|Any CPU
		{9BF9BAF9-75F3-47BA-9B47-A95023764D82}.Debug|Any CPU.ActiveCfg = Debug|Any CPU
		{9BF9BAF9-75F3-47BA-9B47-A95023764D82}.Debug|Any CPU.Build.0 = Debug|Any CPU
		{9BF9BAF9-75F3-47BA-9B47-A95023764D82}.Release|Any CPU.ActiveCfg = Release|Any CPU
		{9BF9BAF9-75F3-47BA-9B47-A95023764D82}.Release|Any CPU.Build.0 = Release|Any CPU
	EndGlobalSection
	GlobalSection(SolutionProperties) = preSolution
		HideSolutionNode = FALSE
	EndGlobalSection
	GlobalSection(NestedProjects) = preSolution
		{D4B8ACDF-5CC3-4A7B-AE30-5055522E025A} = {C80B5683-6239-42D6-8A8B-36702504C593}
		{9669AED6-CC75-4DA4-A639-13E084905CA7} = {C80B5683-6239-42D6-8A8B-36702504C593}
		{C8CD1733-783A-4655-814B-9CF7FD7FDFE8} = {22C083F3-1F8A-4E90-B79C-13A6012492BC}
		{D8783FA3-4371-4848-BC87-B11DD8E02287} = {C80B5683-6239-42D6-8A8B-36702504C593}
	EndGlobalSection
EndGlobal
