
Microsoft Visual Studio Solution File, Format Version 12.00
# Visual Studio Version 16
VisualStudioVersion = 16.0.29613.14
MinimumVisualStudioVersion = 10.0.40219.1
Project("{FAE04EC0-301F-11D3-BF4B-00C04F79EFBC}") = "IdentityServerHost", "IdentityServerHost\IdentityServerHost.csproj", "{03D49418-1F96-4211-A798-064AB9405D36}"
EndProject
Global
	GlobalSection(SolutionConfigurationPlatforms) = preSolution
		Debug|Any CPU = Debug|Any CPU
		Release|Any CPU = Release|Any CPU
	EndGlobalSection
	GlobalSection(ProjectConfigurationPlatforms) = postSolution
		{03D49418-1F96-4211-A798-064AB9405D36}.Debug|Any CPU.ActiveCfg = Debug|Any CPU
		{03D49418-1F96-4211-A798-064AB9405D36}.Debug|Any CPU.Build.0 = Debug|Any CPU
		{03D49418-1F96-4211-A798-064AB9405D36}.Release|Any CPU.ActiveCfg = Release|Any CPU
		{03D49418-1F96-4211-A798-064AB9405D36}.Release|Any CPU.Build.0 = Release|Any CPU
	EndGlobalSection
	GlobalSection(SolutionProperties) = preSolution
		HideSolutionNode = FALSE
	EndGlobalSection
	GlobalSection(ExtensibilityGlobals) = postSolution
		SolutionGuid = {FD779A39-D070-453F-956C-EEA0BCAD29A1}
	EndGlobalSection
EndGlobal
