
Microsoft Visual Studio Solution File, Format Version 12.00
# Visual Studio 2013
VisualStudioVersion = 12.0.30501.0
MinimumVisualStudioVersion = 10.0.40219.1
Project("{FAE04EC0-301F-11D3-BF4B-00C04F79EFBC}") = "Core", "Core\Core.csproj", "{FB9E026E-BAB3-498A-A954-B93B05C146A5}"
EndProject
Project("{FAE04EC0-301F-11D3-BF4B-00C04F79EFBC}") = "Host", "Host\Host.csproj", "{C41ECC23-BB27-4BDD-990E-4908B872F12C}"
EndProject
Project("{FAE04EC0-301F-11D3-BF4B-00C04F79EFBC}") = "Core.EntityFramework", "Core.EntityFramework\Core.EntityFramework.csproj", "{F8047C14-06B6-4A21-952D-BF4AD2B2FAEA}"
EndProject
Project("{2150E333-8FDC-42A3-9474-1A3956D46DE8}") = "Tests", "Tests", "{E6CD03EB-B9D2-44CA-B6C1-F546CFEA51DC}"
EndProject
Project("{FAE04EC0-301F-11D3-BF4B-00C04F79EFBC}") = "MembershipRebootUserService", "MembershipRebootUserService\MembershipRebootUserService.csproj", "{9EB9F5C7-49E1-440B-923F-BB842D9436D2}"
EndProject
Project("{2150E333-8FDC-42A3-9474-1A3956D46DE8}") = "UserService", "UserService", "{41C085E2-3842-47DE-9A79-AE0C8AD4B93C}"
EndProject
Project("{FAE04EC0-301F-11D3-BF4B-00C04F79EFBC}") = "AspNetIdentityUserService", "AspNetIdentityUserService\AspNetIdentityUserService.csproj", "{409B7496-B359-40EB-B92B-733F0B1F0088}"
EndProject
Project("{2150E333-8FDC-42A3-9474-1A3956D46DE8}") = ".nuget", ".nuget", "{2D32A6C0-8EEC-45E7-9CD2-BD122FA9E7F6}"
	ProjectSection(SolutionItems) = preProject
		.nuget\packages.config = .nuget\packages.config
	EndProjectSection
EndProject
Project("{FAE04EC0-301F-11D3-BF4B-00C04F79EFBC}") = "WsFederation", "WsFed\WsFederation.csproj", "{3E97192F-35D5-4DAC-9CAB-A2E9B166E68C}"
EndProject
Project("{2150E333-8FDC-42A3-9474-1A3956D46DE8}") = "Plugins", "Plugins", "{D7EEF7F6-4F6F-4B86-AA4C-368025A16BD1}"
EndProject
Project("{FAE04EC0-301F-11D3-BF4B-00C04F79EFBC}") = "UnitTests", "Tests\UnitTests\UnitTests.csproj", "{7EAD2E17-3ADA-4E9C-A2B9-5A7B9CC4C0EA}"
EndProject
Global
	GlobalSection(SolutionConfigurationPlatforms) = preSolution
		AzureWebSites|Any CPU = AzureWebSites|Any CPU
		Debug|Any CPU = Debug|Any CPU
		Release|Any CPU = Release|Any CPU
	EndGlobalSection
	GlobalSection(ProjectConfigurationPlatforms) = postSolution
		{FB9E026E-BAB3-498A-A954-B93B05C146A5}.AzureWebSites|Any CPU.ActiveCfg = AzureWebSites|Any CPU
		{FB9E026E-BAB3-498A-A954-B93B05C146A5}.AzureWebSites|Any CPU.Build.0 = AzureWebSites|Any CPU
		{FB9E026E-BAB3-498A-A954-B93B05C146A5}.Debug|Any CPU.ActiveCfg = Debug|Any CPU
		{FB9E026E-BAB3-498A-A954-B93B05C146A5}.Debug|Any CPU.Build.0 = Debug|Any CPU
		{FB9E026E-BAB3-498A-A954-B93B05C146A5}.Release|Any CPU.ActiveCfg = Release|Any CPU
		{FB9E026E-BAB3-498A-A954-B93B05C146A5}.Release|Any CPU.Build.0 = Release|Any CPU
		{C41ECC23-BB27-4BDD-990E-4908B872F12C}.AzureWebSites|Any CPU.ActiveCfg = AzureWebSites|Any CPU
		{C41ECC23-BB27-4BDD-990E-4908B872F12C}.AzureWebSites|Any CPU.Build.0 = AzureWebSites|Any CPU
		{C41ECC23-BB27-4BDD-990E-4908B872F12C}.Debug|Any CPU.ActiveCfg = Debug|Any CPU
		{C41ECC23-BB27-4BDD-990E-4908B872F12C}.Debug|Any CPU.Build.0 = Debug|Any CPU
		{C41ECC23-BB27-4BDD-990E-4908B872F12C}.Release|Any CPU.ActiveCfg = Release|Any CPU
		{C41ECC23-BB27-4BDD-990E-4908B872F12C}.Release|Any CPU.Build.0 = Release|Any CPU
		{F8047C14-06B6-4A21-952D-BF4AD2B2FAEA}.AzureWebSites|Any CPU.ActiveCfg = AzureWebSites|Any CPU
		{F8047C14-06B6-4A21-952D-BF4AD2B2FAEA}.AzureWebSites|Any CPU.Build.0 = AzureWebSites|Any CPU
		{F8047C14-06B6-4A21-952D-BF4AD2B2FAEA}.Debug|Any CPU.ActiveCfg = Debug|Any CPU
		{F8047C14-06B6-4A21-952D-BF4AD2B2FAEA}.Debug|Any CPU.Build.0 = Debug|Any CPU
		{F8047C14-06B6-4A21-952D-BF4AD2B2FAEA}.Release|Any CPU.ActiveCfg = Release|Any CPU
		{F8047C14-06B6-4A21-952D-BF4AD2B2FAEA}.Release|Any CPU.Build.0 = Release|Any CPU
		{9EB9F5C7-49E1-440B-923F-BB842D9436D2}.AzureWebSites|Any CPU.ActiveCfg = AzureWebSites|Any CPU
		{9EB9F5C7-49E1-440B-923F-BB842D9436D2}.AzureWebSites|Any CPU.Build.0 = AzureWebSites|Any CPU
		{9EB9F5C7-49E1-440B-923F-BB842D9436D2}.Debug|Any CPU.ActiveCfg = Debug|Any CPU
		{9EB9F5C7-49E1-440B-923F-BB842D9436D2}.Debug|Any CPU.Build.0 = Debug|Any CPU
		{9EB9F5C7-49E1-440B-923F-BB842D9436D2}.Release|Any CPU.ActiveCfg = Release|Any CPU
		{9EB9F5C7-49E1-440B-923F-BB842D9436D2}.Release|Any CPU.Build.0 = Release|Any CPU
		{409B7496-B359-40EB-B92B-733F0B1F0088}.AzureWebSites|Any CPU.ActiveCfg = AzureWebSites|Any CPU
		{409B7496-B359-40EB-B92B-733F0B1F0088}.AzureWebSites|Any CPU.Build.0 = AzureWebSites|Any CPU
		{409B7496-B359-40EB-B92B-733F0B1F0088}.Debug|Any CPU.ActiveCfg = Debug|Any CPU
		{409B7496-B359-40EB-B92B-733F0B1F0088}.Debug|Any CPU.Build.0 = Debug|Any CPU
		{409B7496-B359-40EB-B92B-733F0B1F0088}.Release|Any CPU.ActiveCfg = Release|Any CPU
		{409B7496-B359-40EB-B92B-733F0B1F0088}.Release|Any CPU.Build.0 = Release|Any CPU
		{3E97192F-35D5-4DAC-9CAB-A2E9B166E68C}.AzureWebSites|Any CPU.ActiveCfg = Release|Any CPU
		{3E97192F-35D5-4DAC-9CAB-A2E9B166E68C}.AzureWebSites|Any CPU.Build.0 = Release|Any CPU
		{3E97192F-35D5-4DAC-9CAB-A2E9B166E68C}.Debug|Any CPU.ActiveCfg = Debug|Any CPU
		{3E97192F-35D5-4DAC-9CAB-A2E9B166E68C}.Debug|Any CPU.Build.0 = Debug|Any CPU
		{3E97192F-35D5-4DAC-9CAB-A2E9B166E68C}.Release|Any CPU.ActiveCfg = Release|Any CPU
		{3E97192F-35D5-4DAC-9CAB-A2E9B166E68C}.Release|Any CPU.Build.0 = Release|Any CPU
		{7EAD2E17-3ADA-4E9C-A2B9-5A7B9CC4C0EA}.AzureWebSites|Any CPU.ActiveCfg = AzureWebSites|Any CPU
		{7EAD2E17-3ADA-4E9C-A2B9-5A7B9CC4C0EA}.AzureWebSites|Any CPU.Build.0 = AzureWebSites|Any CPU
		{7EAD2E17-3ADA-4E9C-A2B9-5A7B9CC4C0EA}.Debug|Any CPU.ActiveCfg = Debug|Any CPU
		{7EAD2E17-3ADA-4E9C-A2B9-5A7B9CC4C0EA}.Debug|Any CPU.Build.0 = Debug|Any CPU
		{7EAD2E17-3ADA-4E9C-A2B9-5A7B9CC4C0EA}.Release|Any CPU.ActiveCfg = Release|Any CPU
		{7EAD2E17-3ADA-4E9C-A2B9-5A7B9CC4C0EA}.Release|Any CPU.Build.0 = Release|Any CPU
	EndGlobalSection
	GlobalSection(SolutionProperties) = preSolution
		HideSolutionNode = FALSE
	EndGlobalSection
	GlobalSection(NestedProjects) = preSolution
		{9EB9F5C7-49E1-440B-923F-BB842D9436D2} = {41C085E2-3842-47DE-9A79-AE0C8AD4B93C}
		{409B7496-B359-40EB-B92B-733F0B1F0088} = {41C085E2-3842-47DE-9A79-AE0C8AD4B93C}
		{3E97192F-35D5-4DAC-9CAB-A2E9B166E68C} = {D7EEF7F6-4F6F-4B86-AA4C-368025A16BD1}
		{7EAD2E17-3ADA-4E9C-A2B9-5A7B9CC4C0EA} = {E6CD03EB-B9D2-44CA-B6C1-F546CFEA51DC}
	EndGlobalSection
EndGlobal
