
Microsoft Visual Studio Solution File, Format Version 12.00
# Visual Studio 2013
VisualStudioVersion = 12.0.21005.1
MinimumVisualStudioVersion = 10.0.40219.1
Project("{FAE04EC0-301F-11D3-BF4B-00C04F79EFBC}") = "Core", "Core\Core.csproj", "{FB9E026E-BAB3-498A-A954-B93B05C146A5}"
EndProject
Project("{FAE04EC0-301F-11D3-BF4B-00C04F79EFBC}") = "UserManagement.Api", "UserManagement.Api\UserManagement.Api.csproj", "{1AEA243F-5A85-402D-89DF-C178FEB522D6}"
EndProject
Project("{FAE04EC0-301F-11D3-BF4B-00C04F79EFBC}") = "Admin.Api", "Admin.Api\Admin.Api.csproj", "{2BF02E9A-6C40-4961-85BA-538F6461B72A}"
EndProject
Project("{FAE04EC0-301F-11D3-BF4B-00C04F79EFBC}") = "Host", "Host\Host.csproj", "{C41ECC23-BB27-4BDD-990E-4908B872F12C}"
EndProject
Project("{FAE04EC0-301F-11D3-BF4B-00C04F79EFBC}") = "Admin.UI", "Admin.UI\Admin.UI.csproj", "{D1A280BE-52ED-4B41-BE67-BC933BA5D2B1}"
EndProject
Global
	GlobalSection(SolutionConfigurationPlatforms) = preSolution
		Debug|Any CPU = Debug|Any CPU
		Release|Any CPU = Release|Any CPU
	EndGlobalSection
	GlobalSection(ProjectConfigurationPlatforms) = postSolution
		{FB9E026E-BAB3-498A-A954-B93B05C146A5}.Debug|Any CPU.ActiveCfg = Debug|Any CPU
		{FB9E026E-BAB3-498A-A954-B93B05C146A5}.Debug|Any CPU.Build.0 = Debug|Any CPU
		{FB9E026E-BAB3-498A-A954-B93B05C146A5}.Release|Any CPU.ActiveCfg = Release|Any CPU
		{FB9E026E-BAB3-498A-A954-B93B05C146A5}.Release|Any CPU.Build.0 = Release|Any CPU
		{1AEA243F-5A85-402D-89DF-C178FEB522D6}.Debug|Any CPU.ActiveCfg = Debug|Any CPU
		{1AEA243F-5A85-402D-89DF-C178FEB522D6}.Debug|Any CPU.Build.0 = Debug|Any CPU
		{1AEA243F-5A85-402D-89DF-C178FEB522D6}.Release|Any CPU.ActiveCfg = Release|Any CPU
		{1AEA243F-5A85-402D-89DF-C178FEB522D6}.Release|Any CPU.Build.0 = Release|Any CPU
		{2BF02E9A-6C40-4961-85BA-538F6461B72A}.Debug|Any CPU.ActiveCfg = Debug|Any CPU
		{2BF02E9A-6C40-4961-85BA-538F6461B72A}.Debug|Any CPU.Build.0 = Debug|Any CPU
		{2BF02E9A-6C40-4961-85BA-538F6461B72A}.Release|Any CPU.ActiveCfg = Release|Any CPU
		{2BF02E9A-6C40-4961-85BA-538F6461B72A}.Release|Any CPU.Build.0 = Release|Any CPU
		{C41ECC23-BB27-4BDD-990E-4908B872F12C}.Debug|Any CPU.ActiveCfg = Debug|Any CPU
		{C41ECC23-BB27-4BDD-990E-4908B872F12C}.Debug|Any CPU.Build.0 = Debug|Any CPU
		{C41ECC23-BB27-4BDD-990E-4908B872F12C}.Release|Any CPU.ActiveCfg = Release|Any CPU
		{C41ECC23-BB27-4BDD-990E-4908B872F12C}.Release|Any CPU.Build.0 = Release|Any CPU
		{D1A280BE-52ED-4B41-BE67-BC933BA5D2B1}.Debug|Any CPU.ActiveCfg = Debug|Any CPU
		{D1A280BE-52ED-4B41-BE67-BC933BA5D2B1}.Debug|Any CPU.Build.0 = Debug|Any CPU
		{D1A280BE-52ED-4B41-BE67-BC933BA5D2B1}.Release|Any CPU.ActiveCfg = Release|Any CPU
		{D1A280BE-52ED-4B41-BE67-BC933BA5D2B1}.Release|Any CPU.Build.0 = Release|Any CPU
	EndGlobalSection
	GlobalSection(SolutionProperties) = preSolution
		HideSolutionNode = FALSE
	EndGlobalSection
EndGlobal
